
Microsoft Visual Studio Solution File, Format Version 12.00
# Visual Studio Version 16
VisualStudioVersion = 16.0.28407.52
MinimumVisualStudioVersion = 10.0.40219.1
Project("{FAE04EC0-301F-11D3-BF4B-00C04F79EFBC}") = "Caro", "Caro\Caro.csproj", "{24B2341C-3811-4E8B-BC1B-916187AFD235}"
EndProject
Global
	GlobalSection(SolutionConfigurationPlatforms) = preSolution
		Debug|Any CPU = Debug|Any CPU
		Release|Any CPU = Release|Any CPU
	EndGlobalSection
	GlobalSection(ProjectConfigurationPlatforms) = postSolution
		{24B2341C-3811-4E8B-BC1B-916187AFD235}.Debug|Any CPU.ActiveCfg = Debug|Any CPU
		{24B2341C-3811-4E8B-BC1B-916187AFD235}.Debug|Any CPU.Build.0 = Debug|Any CPU
		{24B2341C-3811-4E8B-BC1B-916187AFD235}.Release|Any CPU.ActiveCfg = Release|Any CPU
		{24B2341C-3811-4E8B-BC1B-916187AFD235}.Release|Any CPU.Build.0 = Release|Any CPU
	EndGlobalSection
	GlobalSection(SolutionProperties) = preSolution
		HideSolutionNode = FALSE
	EndGlobalSection
	GlobalSection(ExtensibilityGlobals) = postSolution
		SolutionGuid = {19CDF251-3868-4C10-8170-E9E6BBE5D76C}
	EndGlobalSection
EndGlobal
